// !$*UTF8*$!
{
	archiveVersion = 1;
	classes = {
	};
	objectVersion = 46;
	objects = {

/* Begin PBXBuildFile section */
		9A195A371A0834D600F1D6FE /* AppDelegate.swift in Sources */ = {isa = PBXBuildFile; fileRef = 9A195A361A0834D600F1D6FE /* AppDelegate.swift */; };
		9A195A391A0834D600F1D6FE /* MapViewController.swift in Sources */ = {isa = PBXBuildFile; fileRef = 9A195A381A0834D600F1D6FE /* MapViewController.swift */; };
		9A195A3B1A0834D600F1D6FE /* RemindersViewController.swift in Sources */ = {isa = PBXBuildFile; fileRef = 9A195A3A1A0834D600F1D6FE /* RemindersViewController.swift */; };
		9A195A3E1A0834D600F1D6FE /* Main.storyboard in Resources */ = {isa = PBXBuildFile; fileRef = 9A195A3C1A0834D600F1D6FE /* Main.storyboard */; };
		9A195A401A0834D600F1D6FE /* Images.xcassets in Resources */ = {isa = PBXBuildFile; fileRef = 9A195A3F1A0834D600F1D6FE /* Images.xcassets */; };
		9A195A431A0834D600F1D6FE /* LaunchScreen.xib in Resources */ = {isa = PBXBuildFile; fileRef = 9A195A411A0834D600F1D6FE /* LaunchScreen.xib */; };
		9A195A4F1A0834D600F1D6FE /* CollocationTests.swift in Sources */ = {isa = PBXBuildFile; fileRef = 9A195A4E1A0834D600F1D6FE /* CollocationTests.swift */; };
		9A195A591A08354800F1D6FE /* MapKit.framework in Frameworks */ = {isa = PBXBuildFile; fileRef = 9A195A581A08354800F1D6FE /* MapKit.framework */; };
		9A31E5A01A0C3B27001D72E1 /* annotation.png in Resources */ = {isa = PBXBuildFile; fileRef = 9A31E59A1A0C3B27001D72E1 /* annotation.png */; };
		9A31E5A11A0C3B27001D72E1 /* annotation@2x.png in Resources */ = {isa = PBXBuildFile; fileRef = 9A31E59B1A0C3B27001D72E1 /* annotation@2x.png */; };
		9A31E5A21A0C3B27001D72E1 /* annotation@3x.png in Resources */ = {isa = PBXBuildFile; fileRef = 9A31E59C1A0C3B27001D72E1 /* annotation@3x.png */; };
		9A31E5A31A0C3B27001D72E1 /* annotation_add.png in Resources */ = {isa = PBXBuildFile; fileRef = 9A31E59D1A0C3B27001D72E1 /* annotation_add.png */; };
		9A31E5A41A0C3B27001D72E1 /* annotation_add@2x.png in Resources */ = {isa = PBXBuildFile; fileRef = 9A31E59E1A0C3B27001D72E1 /* annotation_add@2x.png */; };
		9A31E5A51A0C3B27001D72E1 /* annotation_add@3x.png in Resources */ = {isa = PBXBuildFile; fileRef = 9A31E59F1A0C3B27001D72E1 /* annotation_add@3x.png */; };
		9A41199A1A0994FB00AB1C83 /* Collocation.xcdatamodeld in Sources */ = {isa = PBXBuildFile; fileRef = 9A4119981A0994FB00AB1C83 /* Collocation.xcdatamodeld */; };
		9A41199C1A0995AB00AB1C83 /* CoreDataManager.swift in Sources */ = {isa = PBXBuildFile; fileRef = 9A41199B1A0995AB00AB1C83 /* CoreDataManager.swift */; };
		9A4119A11A09A09300AB1C83 /* RadiusCell.swift in Sources */ = {isa = PBXBuildFile; fileRef = 9A41199F1A09A09300AB1C83 /* RadiusCell.swift */; };
		9A4119A21A09A09300AB1C83 /* RadiusCell.xib in Resources */ = {isa = PBXBuildFile; fileRef = 9A4119A01A09A09300AB1C83 /* RadiusCell.xib */; };
		9A4119A51A09A1FE00AB1C83 /* EventNameCell.swift in Sources */ = {isa = PBXBuildFile; fileRef = 9A4119A31A09A1FE00AB1C83 /* EventNameCell.swift */; };
		9A4119A61A09A1FE00AB1C83 /* EventNameCell.xib in Resources */ = {isa = PBXBuildFile; fileRef = 9A4119A41A09A1FE00AB1C83 /* EventNameCell.xib */; };
		9A4119A81A09A60000AB1C83 /* NewEventFooterView.xib in Resources */ = {isa = PBXBuildFile; fileRef = 9A4119A71A09A60000AB1C83 /* NewEventFooterView.xib */; };
		9A4119AA1A09A63100AB1C83 /* NewEventFooterView.swift in Sources */ = {isa = PBXBuildFile; fileRef = 9A4119A91A09A63100AB1C83 /* NewEventFooterView.swift */; };
		9A4119AC1A09AF2A00AB1C83 /* Constants.swift in Sources */ = {isa = PBXBuildFile; fileRef = 9A4119AB1A09AF2A00AB1C83 /* Constants.swift */; };
		9A4119AE1A09BE6A00AB1C83 /* Reminder.swift in Sources */ = {isa = PBXBuildFile; fileRef = 9A4119AD1A09BE6A00AB1C83 /* Reminder.swift */; };
		9A788D6B1A0838C70014A8B8 /* Annotation.swift in Sources */ = {isa = PBXBuildFile; fileRef = 9A788D6A1A0838C70014A8B8 /* Annotation.swift */; };
		9A788D6D1A083F170014A8B8 /* AddEventViewController.swift in Sources */ = {isa = PBXBuildFile; fileRef = 9A788D6C1A083F170014A8B8 /* AddEventViewController.swift */; };
		9A990FB01A0AA1E700C8ACFB /* ReminderCell.swift in Sources */ = {isa = PBXBuildFile; fileRef = 9A990FAE1A0AA1E700C8ACFB /* ReminderCell.swift */; };
		9A990FB11A0AA1E700C8ACFB /* ReminderCell.xib in Resources */ = {isa = PBXBuildFile; fileRef = 9A990FAF1A0AA1E700C8ACFB /* ReminderCell.xib */; };
		9A990FB41A0AA38F00C8ACFB /* CloudKit.framework in Frameworks */ = {isa = PBXBuildFile; fileRef = 9A990FB31A0AA38F00C8ACFB /* CloudKit.framework */; };
/* End PBXBuildFile section */

/* Begin PBXContainerItemProxy section */
		9A195A491A0834D600F1D6FE /* PBXContainerItemProxy */ = {
			isa = PBXContainerItemProxy;
			containerPortal = 9A195A291A0834D600F1D6FE /* Project object */;
			proxyType = 1;
			remoteGlobalIDString = 9A195A301A0834D600F1D6FE;
			remoteInfo = Collocation;
		};
/* End PBXContainerItemProxy section */

/* Begin PBXFileReference section */
		9A195A311A0834D600F1D6FE /* Collocation.app */ = {isa = PBXFileReference; explicitFileType = wrapper.application; includeInIndex = 0; path = Collocation.app; sourceTree = BUILT_PRODUCTS_DIR; };
		9A195A351A0834D600F1D6FE /* Info.plist */ = {isa = PBXFileReference; lastKnownFileType = text.plist.xml; path = Info.plist; sourceTree = "<group>"; };
		9A195A361A0834D600F1D6FE /* AppDelegate.swift */ = {isa = PBXFileReference; lastKnownFileType = sourcecode.swift; path = AppDelegate.swift; sourceTree = "<group>"; };
		9A195A381A0834D600F1D6FE /* MapViewController.swift */ = {isa = PBXFileReference; lastKnownFileType = sourcecode.swift; path = MapViewController.swift; sourceTree = "<group>"; };
		9A195A3A1A0834D600F1D6FE /* RemindersViewController.swift */ = {isa = PBXFileReference; lastKnownFileType = sourcecode.swift; path = RemindersViewController.swift; sourceTree = "<group>"; };
		9A195A3D1A0834D600F1D6FE /* Base */ = {isa = PBXFileReference; lastKnownFileType = file.storyboard; name = Base; path = Base.lproj/Main.storyboard; sourceTree = "<group>"; };
		9A195A3F1A0834D600F1D6FE /* Images.xcassets */ = {isa = PBXFileReference; lastKnownFileType = folder.assetcatalog; path = Images.xcassets; sourceTree = "<group>"; };
		9A195A421A0834D600F1D6FE /* Base */ = {isa = PBXFileReference; lastKnownFileType = file.xib; name = Base; path = Base.lproj/LaunchScreen.xib; sourceTree = "<group>"; };
		9A195A481A0834D600F1D6FE /* CollocationTests.xctest */ = {isa = PBXFileReference; explicitFileType = wrapper.cfbundle; includeInIndex = 0; path = CollocationTests.xctest; sourceTree = BUILT_PRODUCTS_DIR; };
		9A195A4D1A0834D600F1D6FE /* Info.plist */ = {isa = PBXFileReference; lastKnownFileType = text.plist.xml; path = Info.plist; sourceTree = "<group>"; };
		9A195A4E1A0834D600F1D6FE /* CollocationTests.swift */ = {isa = PBXFileReference; lastKnownFileType = sourcecode.swift; path = CollocationTests.swift; sourceTree = "<group>"; };
		9A195A581A08354800F1D6FE /* MapKit.framework */ = {isa = PBXFileReference; lastKnownFileType = wrapper.framework; name = MapKit.framework; path = System/Library/Frameworks/MapKit.framework; sourceTree = SDKROOT; };
		9A31E59A1A0C3B27001D72E1 /* annotation.png */ = {isa = PBXFileReference; lastKnownFileType = image.png; path = annotation.png; sourceTree = "<group>"; };
		9A31E59B1A0C3B27001D72E1 /* annotation@2x.png */ = {isa = PBXFileReference; lastKnownFileType = image.png; path = "annotation@2x.png"; sourceTree = "<group>"; };
		9A31E59C1A0C3B27001D72E1 /* annotation@3x.png */ = {isa = PBXFileReference; lastKnownFileType = image.png; path = "annotation@3x.png"; sourceTree = "<group>"; };
		9A31E59D1A0C3B27001D72E1 /* annotation_add.png */ = {isa = PBXFileReference; lastKnownFileType = image.png; path = annotation_add.png; sourceTree = "<group>"; };
		9A31E59E1A0C3B27001D72E1 /* annotation_add@2x.png */ = {isa = PBXFileReference; lastKnownFileType = image.png; path = "annotation_add@2x.png"; sourceTree = "<group>"; };
		9A31E59F1A0C3B27001D72E1 /* annotation_add@3x.png */ = {isa = PBXFileReference; lastKnownFileType = image.png; path = "annotation_add@3x.png"; sourceTree = "<group>"; };
		9A4119991A0994FB00AB1C83 /* Collocation.xcdatamodel */ = {isa = PBXFileReference; lastKnownFileType = wrapper.xcdatamodel; path = Collocation.xcdatamodel; sourceTree = "<group>"; };
		9A41199B1A0995AB00AB1C83 /* CoreDataManager.swift */ = {isa = PBXFileReference; fileEncoding = 4; lastKnownFileType = sourcecode.swift; path = CoreDataManager.swift; sourceTree = "<group>"; };
		9A41199F1A09A09300AB1C83 /* RadiusCell.swift */ = {isa = PBXFileReference; fileEncoding = 4; lastKnownFileType = sourcecode.swift; path = RadiusCell.swift; sourceTree = "<group>"; };
		9A4119A01A09A09300AB1C83 /* RadiusCell.xib */ = {isa = PBXFileReference; fileEncoding = 4; lastKnownFileType = file.xib; path = RadiusCell.xib; sourceTree = "<group>"; };
		9A4119A31A09A1FE00AB1C83 /* EventNameCell.swift */ = {isa = PBXFileReference; fileEncoding = 4; lastKnownFileType = sourcecode.swift; path = EventNameCell.swift; sourceTree = "<group>"; };
		9A4119A41A09A1FE00AB1C83 /* EventNameCell.xib */ = {isa = PBXFileReference; fileEncoding = 4; lastKnownFileType = file.xib; path = EventNameCell.xib; sourceTree = "<group>"; };
		9A4119A71A09A60000AB1C83 /* NewEventFooterView.xib */ = {isa = PBXFileReference; fileEncoding = 4; lastKnownFileType = file.xib; path = NewEventFooterView.xib; sourceTree = "<group>"; };
		9A4119A91A09A63100AB1C83 /* NewEventFooterView.swift */ = {isa = PBXFileReference; fileEncoding = 4; lastKnownFileType = sourcecode.swift; path = NewEventFooterView.swift; sourceTree = "<group>"; };
		9A4119AB1A09AF2A00AB1C83 /* Constants.swift */ = {isa = PBXFileReference; fileEncoding = 4; lastKnownFileType = sourcecode.swift; path = Constants.swift; sourceTree = "<group>"; };
		9A4119AD1A09BE6A00AB1C83 /* Reminder.swift */ = {isa = PBXFileReference; fileEncoding = 4; lastKnownFileType = sourcecode.swift; path = Reminder.swift; sourceTree = "<group>"; };
		9A788D6A1A0838C70014A8B8 /* Annotation.swift */ = {isa = PBXFileReference; fileEncoding = 4; lastKnownFileType = sourcecode.swift; path = Annotation.swift; sourceTree = "<group>"; };
		9A788D6C1A083F170014A8B8 /* AddEventViewController.swift */ = {isa = PBXFileReference; fileEncoding = 4; lastKnownFileType = sourcecode.swift; path = AddEventViewController.swift; sourceTree = "<group>"; };
		9A990FAE1A0AA1E700C8ACFB /* ReminderCell.swift */ = {isa = PBXFileReference; fileEncoding = 4; lastKnownFileType = sourcecode.swift; path = ReminderCell.swift; sourceTree = "<group>"; };
		9A990FAF1A0AA1E700C8ACFB /* ReminderCell.xib */ = {isa = PBXFileReference; fileEncoding = 4; lastKnownFileType = file.xib; path = ReminderCell.xib; sourceTree = "<group>"; };
		9A990FB21A0AA36600C8ACFB /* Collocation.entitlements */ = {isa = PBXFileReference; lastKnownFileType = text.xml; path = Collocation.entitlements; sourceTree = "<group>"; };
		9A990FB31A0AA38F00C8ACFB /* CloudKit.framework */ = {isa = PBXFileReference; lastKnownFileType = wrapper.framework; name = CloudKit.framework; path = System/Library/Frameworks/CloudKit.framework; sourceTree = SDKROOT; };
/* End PBXFileReference section */

/* Begin PBXFrameworksBuildPhase section */
		9A195A2E1A0834D600F1D6FE /* Frameworks */ = {
			isa = PBXFrameworksBuildPhase;
			buildActionMask = 2147483647;
			files = (
				9A195A591A08354800F1D6FE /* MapKit.framework in Frameworks */,
				9A990FB41A0AA38F00C8ACFB /* CloudKit.framework in Frameworks */,
			);
			runOnlyForDeploymentPostprocessing = 0;
		};
		9A195A451A0834D600F1D6FE /* Frameworks */ = {
			isa = PBXFrameworksBuildPhase;
			buildActionMask = 2147483647;
			files = (
			);
			runOnlyForDeploymentPostprocessing = 0;
		};
/* End PBXFrameworksBuildPhase section */

/* Begin PBXGroup section */
		9A195A281A0834D600F1D6FE = {
			isa = PBXGroup;
			children = (
				9A990FB31A0AA38F00C8ACFB /* CloudKit.framework */,
				9A195A331A0834D600F1D6FE /* Collocation */,
				9A195A4B1A0834D600F1D6FE /* CollocationTests */,
				9A195A321A0834D600F1D6FE /* Products */,
			);
			sourceTree = "<group>";
		};
		9A195A321A0834D600F1D6FE /* Products */ = {
			isa = PBXGroup;
			children = (
				9A195A311A0834D600F1D6FE /* Collocation.app */,
				9A195A481A0834D600F1D6FE /* CollocationTests.xctest */,
			);
			name = Products;
			sourceTree = "<group>";
		};
		9A195A331A0834D600F1D6FE /* Collocation */ = {
			isa = PBXGroup;
			children = (
				9A990FB21A0AA36600C8ACFB /* Collocation.entitlements */,
				9A195A361A0834D600F1D6FE /* AppDelegate.swift */,
				9A41199E1A09A03800AB1C83 /* Views */,
				9A788D681A0838A10014A8B8 /* ViewControllers */,
				9A788D691A0838A90014A8B8 /* Models */,
				9A41199D1A0995B200AB1C83 /* Controllers */,
				9A195A3C1A0834D600F1D6FE /* Main.storyboard */,
				9A195A3F1A0834D600F1D6FE /* Images.xcassets */,
				9A195A411A0834D600F1D6FE /* LaunchScreen.xib */,
				9A195A341A0834D600F1D6FE /* Supporting Files */,
				9A4119981A0994FB00AB1C83 /* Collocation.xcdatamodeld */,
			);
			path = Collocation;
			sourceTree = "<group>";
		};
		9A195A341A0834D600F1D6FE /* Supporting Files */ = {
			isa = PBXGroup;
			children = (
				9A31E5991A0C3B27001D72E1 /* images */,
				9A195A581A08354800F1D6FE /* MapKit.framework */,
				9A195A351A0834D600F1D6FE /* Info.plist */,
				9A4119AB1A09AF2A00AB1C83 /* Constants.swift */,
			);
			name = "Supporting Files";
			sourceTree = "<group>";
		};
		9A195A4B1A0834D600F1D6FE /* CollocationTests */ = {
			isa = PBXGroup;
			children = (
				9A195A4E1A0834D600F1D6FE /* CollocationTests.swift */,
				9A195A4C1A0834D600F1D6FE /* Supporting Files */,
			);
			path = CollocationTests;
			sourceTree = "<group>";
		};
		9A195A4C1A0834D600F1D6FE /* Supporting Files */ = {
			isa = PBXGroup;
			children = (
				9A195A4D1A0834D600F1D6FE /* Info.plist */,
			);
			name = "Supporting Files";
			sourceTree = "<group>";
		};
		9A31E5991A0C3B27001D72E1 /* images */ = {
			isa = PBXGroup;
			children = (
				9A31E59A1A0C3B27001D72E1 /* annotation.png */,
				9A31E59B1A0C3B27001D72E1 /* annotation@2x.png */,
				9A31E59C1A0C3B27001D72E1 /* annotation@3x.png */,
				9A31E59D1A0C3B27001D72E1 /* annotation_add.png */,
				9A31E59E1A0C3B27001D72E1 /* annotation_add@2x.png */,
				9A31E59F1A0C3B27001D72E1 /* annotation_add@3x.png */,
			);
			path = images;
			sourceTree = "<group>";
		};
		9A41199D1A0995B200AB1C83 /* Controllers */ = {
			isa = PBXGroup;
			children = (
				9A41199B1A0995AB00AB1C83 /* CoreDataManager.swift */,
			);
			name = Controllers;
			sourceTree = "<group>";
		};
		9A41199E1A09A03800AB1C83 /* Views */ = {
			isa = PBXGroup;
			children = (
				9A41199F1A09A09300AB1C83 /* RadiusCell.swift */,
				9A4119A01A09A09300AB1C83 /* RadiusCell.xib */,
				9A4119A31A09A1FE00AB1C83 /* EventNameCell.swift */,
				9A4119A41A09A1FE00AB1C83 /* EventNameCell.xib */,
				9A4119A91A09A63100AB1C83 /* NewEventFooterView.swift */,
				9A4119A71A09A60000AB1C83 /* NewEventFooterView.xib */,
				9A990FAE1A0AA1E700C8ACFB /* ReminderCell.swift */,
				9A990FAF1A0AA1E700C8ACFB /* ReminderCell.xib */,
			);
			name = Views;
			sourceTree = "<group>";
		};
		9A788D681A0838A10014A8B8 /* ViewControllers */ = {
			isa = PBXGroup;
			children = (
				9A788D6C1A083F170014A8B8 /* AddEventViewController.swift */,
				9A195A381A0834D600F1D6FE /* MapViewController.swift */,
				9A195A3A1A0834D600F1D6FE /* RemindersViewController.swift */,
			);
			name = ViewControllers;
			sourceTree = "<group>";
		};
		9A788D691A0838A90014A8B8 /* Models */ = {
			isa = PBXGroup;
			children = (
				9A788D6A1A0838C70014A8B8 /* Annotation.swift */,
				9A4119AD1A09BE6A00AB1C83 /* Reminder.swift */,
			);
			name = Models;
			sourceTree = "<group>";
		};
/* End PBXGroup section */

/* Begin PBXNativeTarget section */
		9A195A301A0834D600F1D6FE /* Collocation */ = {
			isa = PBXNativeTarget;
			buildConfigurationList = 9A195A521A0834D600F1D6FE /* Build configuration list for PBXNativeTarget "Collocation" */;
			buildPhases = (
				9A195A2D1A0834D600F1D6FE /* Sources */,
				9A195A2E1A0834D600F1D6FE /* Frameworks */,
				9A195A2F1A0834D600F1D6FE /* Resources */,
			);
			buildRules = (
			);
			dependencies = (
			);
			name = Collocation;
			productName = Collocation;
			productReference = 9A195A311A0834D600F1D6FE /* Collocation.app */;
			productType = "com.apple.product-type.application";
		};
		9A195A471A0834D600F1D6FE /* CollocationTests */ = {
			isa = PBXNativeTarget;
			buildConfigurationList = 9A195A551A0834D600F1D6FE /* Build configuration list for PBXNativeTarget "CollocationTests" */;
			buildPhases = (
				9A195A441A0834D600F1D6FE /* Sources */,
				9A195A451A0834D600F1D6FE /* Frameworks */,
				9A195A461A0834D600F1D6FE /* Resources */,
			);
			buildRules = (
			);
			dependencies = (
				9A195A4A1A0834D600F1D6FE /* PBXTargetDependency */,
			);
			name = CollocationTests;
			productName = CollocationTests;
			productReference = 9A195A481A0834D600F1D6FE /* CollocationTests.xctest */;
			productType = "com.apple.product-type.bundle.unit-test";
		};
/* End PBXNativeTarget section */

/* Begin PBXProject section */
		9A195A291A0834D600F1D6FE /* Project object */ = {
			isa = PBXProject;
			attributes = {
				LastUpgradeCheck = 0610;
				ORGANIZATIONNAME = "Alexey Gordiyenko";
				TargetAttributes = {
					9A195A301A0834D600F1D6FE = {
						CreatedOnToolsVersion = 6.1;
						DevelopmentTeam = YZ8JMQWB5F;
						SystemCapabilities = {
							com.apple.Maps.iOS = {
								enabled = 1;
							};
							com.apple.iCloud = {
								enabled = 1;
							};
						};
					};
					9A195A471A0834D600F1D6FE = {
						CreatedOnToolsVersion = 6.1;
						TestTargetID = 9A195A301A0834D600F1D6FE;
					};
				};
			};
			buildConfigurationList = 9A195A2C1A0834D600F1D6FE /* Build configuration list for PBXProject "Collocation" */;
			compatibilityVersion = "Xcode 3.2";
			developmentRegion = English;
			hasScannedForEncodings = 0;
			knownRegions = (
				en,
				Base,
			);
			mainGroup = 9A195A281A0834D600F1D6FE;
			productRefGroup = 9A195A321A0834D600F1D6FE /* Products */;
			projectDirPath = "";
			projectRoot = "";
			targets = (
				9A195A301A0834D600F1D6FE /* Collocation */,
				9A195A471A0834D600F1D6FE /* CollocationTests */,
			);
		};
/* End PBXProject section */

/* Begin PBXResourcesBuildPhase section */
		9A195A2F1A0834D600F1D6FE /* Resources */ = {
			isa = PBXResourcesBuildPhase;
			buildActionMask = 2147483647;
			files = (
				9A195A3E1A0834D600F1D6FE /* Main.storyboard in Resources */,
				9A31E5A31A0C3B27001D72E1 /* annotation_add.png in Resources */,
				9A31E5A11A0C3B27001D72E1 /* annotation@2x.png in Resources */,
				9A4119A61A09A1FE00AB1C83 /* EventNameCell.xib in Resources */,
				9A990FB11A0AA1E700C8ACFB /* ReminderCell.xib in Resources */,
				9A31E5A41A0C3B27001D72E1 /* annotation_add@2x.png in Resources */,
				9A31E5A21A0C3B27001D72E1 /* annotation@3x.png in Resources */,
				9A31E5A51A0C3B27001D72E1 /* annotation_add@3x.png in Resources */,
				9A195A431A0834D600F1D6FE /* LaunchScreen.xib in Resources */,
				9A31E5A01A0C3B27001D72E1 /* annotation.png in Resources */,
				9A195A401A0834D600F1D6FE /* Images.xcassets in Resources */,
				9A4119A21A09A09300AB1C83 /* RadiusCell.xib in Resources */,
				9A4119A81A09A60000AB1C83 /* NewEventFooterView.xib in Resources */,
			);
			runOnlyForDeploymentPostprocessing = 0;
		};
		9A195A461A0834D600F1D6FE /* Resources */ = {
			isa = PBXResourcesBuildPhase;
			buildActionMask = 2147483647;
			files = (
			);
			runOnlyForDeploymentPostprocessing = 0;
		};
/* End PBXResourcesBuildPhase section */

/* Begin PBXSourcesBuildPhase section */
		9A195A2D1A0834D600F1D6FE /* Sources */ = {
			isa = PBXSourcesBuildPhase;
			buildActionMask = 2147483647;
			files = (
				9A195A3B1A0834D600F1D6FE /* RemindersViewController.swift in Sources */,
				9A4119AC1A09AF2A00AB1C83 /* Constants.swift in Sources */,
				9A4119A51A09A1FE00AB1C83 /* EventNameCell.swift in Sources */,
				9A4119AE1A09BE6A00AB1C83 /* Reminder.swift in Sources */,
				9A41199A1A0994FB00AB1C83 /* Collocation.xcdatamodeld in Sources */,
				9A788D6D1A083F170014A8B8 /* AddEventViewController.swift in Sources */,
				9A4119A11A09A09300AB1C83 /* RadiusCell.swift in Sources */,
				9A195A371A0834D600F1D6FE /* AppDelegate.swift in Sources */,
				9A788D6B1A0838C70014A8B8 /* Annotation.swift in Sources */,
				9A41199C1A0995AB00AB1C83 /* CoreDataManager.swift in Sources */,
				9A195A391A0834D600F1D6FE /* MapViewController.swift in Sources */,
				9A990FB01A0AA1E700C8ACFB /* ReminderCell.swift in Sources */,
				9A4119AA1A09A63100AB1C83 /* NewEventFooterView.swift in Sources */,
			);
			runOnlyForDeploymentPostprocessing = 0;
		};
		9A195A441A0834D600F1D6FE /* Sources */ = {
			isa = PBXSourcesBuildPhase;
			buildActionMask = 2147483647;
			files = (
				9A195A4F1A0834D600F1D6FE /* CollocationTests.swift in Sources */,
			);
			runOnlyForDeploymentPostprocessing = 0;
		};
/* End PBXSourcesBuildPhase section */

/* Begin PBXTargetDependency section */
		9A195A4A1A0834D600F1D6FE /* PBXTargetDependency */ = {
			isa = PBXTargetDependency;
			target = 9A195A301A0834D600F1D6FE /* Collocation */;
			targetProxy = 9A195A491A0834D600F1D6FE /* PBXContainerItemProxy */;
		};
/* End PBXTargetDependency section */

/* Begin PBXVariantGroup section */
		9A195A3C1A0834D600F1D6FE /* Main.storyboard */ = {
			isa = PBXVariantGroup;
			children = (
				9A195A3D1A0834D600F1D6FE /* Base */,
			);
			name = Main.storyboard;
			sourceTree = "<group>";
		};
		9A195A411A0834D600F1D6FE /* LaunchScreen.xib */ = {
			isa = PBXVariantGroup;
			children = (
				9A195A421A0834D600F1D6FE /* Base */,
			);
			name = LaunchScreen.xib;
			sourceTree = "<group>";
		};
/* End PBXVariantGroup section */

/* Begin XCBuildConfiguration section */
		9A195A501A0834D600F1D6FE /* Debug */ = {
			isa = XCBuildConfiguration;
			buildSettings = {
				ALWAYS_SEARCH_USER_PATHS = NO;
				CLANG_CXX_LANGUAGE_STANDARD = "gnu++0x";
				CLANG_CXX_LIBRARY = "libc++";
				CLANG_ENABLE_MODULES = YES;
				CLANG_ENABLE_OBJC_ARC = YES;
				CLANG_WARN_BOOL_CONVERSION = YES;
				CLANG_WARN_CONSTANT_CONVERSION = YES;
				CLANG_WARN_DIRECT_OBJC_ISA_USAGE = YES_ERROR;
				CLANG_WARN_EMPTY_BODY = YES;
				CLANG_WARN_ENUM_CONVERSION = YES;
				CLANG_WARN_INT_CONVERSION = YES;
				CLANG_WARN_OBJC_ROOT_CLASS = YES_ERROR;
				CLANG_WARN_UNREACHABLE_CODE = YES;
				CLANG_WARN__DUPLICATE_METHOD_MATCH = YES;
				"CODE_SIGN_IDENTITY[sdk=iphoneos*]" = "iPhone Developer";
				COPY_PHASE_STRIP = NO;
				ENABLE_STRICT_OBJC_MSGSEND = YES;
				GCC_C_LANGUAGE_STANDARD = gnu99;
				GCC_DYNAMIC_NO_PIC = NO;
				GCC_OPTIMIZATION_LEVEL = 0;
				GCC_PREPROCESSOR_DEFINITIONS = (
					"DEBUG=1",
					"$(inherited)",
				);
				GCC_SYMBOLS_PRIVATE_EXTERN = NO;
				GCC_WARN_64_TO_32_BIT_CONVERSION = YES;
				GCC_WARN_ABOUT_RETURN_TYPE = YES_ERROR;
				GCC_WARN_UNDECLARED_SELECTOR = YES;
				GCC_WARN_UNINITIALIZED_AUTOS = YES_AGGRESSIVE;
				GCC_WARN_UNUSED_FUNCTION = YES;
				GCC_WARN_UNUSED_VARIABLE = YES;
				IPHONEOS_DEPLOYMENT_TARGET = 8.0;
				MTL_ENABLE_DEBUG_INFO = YES;
				ONLY_ACTIVE_ARCH = YES;
				SDKROOT = iphoneos;
				SWIFT_OPTIMIZATION_LEVEL = "-Onone";
				TARGETED_DEVICE_FAMILY = "1,2";
			};
			name = Debug;
		};
		9A195A511A0834D600F1D6FE /* Release */ = {
			isa = XCBuildConfiguration;
			buildSettings = {
				ALWAYS_SEARCH_USER_PATHS = NO;
				CLANG_CXX_LANGUAGE_STANDARD = "gnu++0x";
				CLANG_CXX_LIBRARY = "libc++";
				CLANG_ENABLE_MODULES = YES;
				CLANG_ENABLE_OBJC_ARC = YES;
				CLANG_WARN_BOOL_CONVERSION = YES;
				CLANG_WARN_CONSTANT_CONVERSION = YES;
				CLANG_WARN_DIRECT_OBJC_ISA_USAGE = YES_ERROR;
				CLANG_WARN_EMPTY_BODY = YES;
				CLANG_WARN_ENUM_CONVERSION = YES;
				CLANG_WARN_INT_CONVERSION = YES;
				CLANG_WARN_OBJC_ROOT_CLASS = YES_ERROR;
				CLANG_WARN_UNREACHABLE_CODE = YES;
				CLANG_WARN__DUPLICATE_METHOD_MATCH = YES;
				"CODE_SIGN_IDENTITY[sdk=iphoneos*]" = "iPhone Developer";
				COPY_PHASE_STRIP = YES;
				ENABLE_NS_ASSERTIONS = NO;
				ENABLE_STRICT_OBJC_MSGSEND = YES;
				GCC_C_LANGUAGE_STANDARD = gnu99;
				GCC_WARN_64_TO_32_BIT_CONVERSION = YES;
				GCC_WARN_ABOUT_RETURN_TYPE = YES_ERROR;
				GCC_WARN_UNDECLARED_SELECTOR = YES;
				GCC_WARN_UNINITIALIZED_AUTOS = YES_AGGRESSIVE;
				GCC_WARN_UNUSED_FUNCTION = YES;
				GCC_WARN_UNUSED_VARIABLE = YES;
				IPHONEOS_DEPLOYMENT_TARGET = 8.0;
				MTL_ENABLE_DEBUG_INFO = NO;
				SDKROOT = iphoneos;
				TARGETED_DEVICE_FAMILY = "1,2";
				VALIDATE_PRODUCT = YES;
			};
			name = Release;
		};
		9A195A531A0834D600F1D6FE /* Debug */ = {
			isa = XCBuildConfiguration;
			buildSettings = {
				ASSETCATALOG_COMPILER_APPICON_NAME = AppIcon;
				CODE_SIGN_ENTITLEMENTS = Collocation/Collocation.entitlements;
				CODE_SIGN_IDENTITY = "iPhone Developer";
				"CODE_SIGN_IDENTITY[sdk=iphoneos*]" = "iPhone Developer";
				INFOPLIST_FILE = Collocation/Info.plist;
				IPHONEOS_DEPLOYMENT_TARGET = 8.0;
				LD_RUNPATH_SEARCH_PATHS = "$(inherited) @executable_path/Frameworks";
				PRODUCT_NAME = "$(TARGET_NAME)";
				PROVISIONING_PROFILE = "";
			};
			name = Debug;
		};
		9A195A541A0834D600F1D6FE /* Release */ = {
			isa = XCBuildConfiguration;
			buildSettings = {
				ASSETCATALOG_COMPILER_APPICON_NAME = AppIcon;
				CODE_SIGN_ENTITLEMENTS = Collocation/Collocation.entitlements;
				CODE_SIGN_IDENTITY = "iPhone Developer";
				"CODE_SIGN_IDENTITY[sdk=iphoneos*]" = "iPhone Developer";
				INFOPLIST_FILE = Collocation/Info.plist;
				IPHONEOS_DEPLOYMENT_TARGET = 8.0;
				LD_RUNPATH_SEARCH_PATHS = "$(inherited) @executable_path/Frameworks";
				PRODUCT_NAME = "$(TARGET_NAME)";
				PROVISIONING_PROFILE = "";
			};
			name = Release;
		};
		9A195A561A0834D600F1D6FE /* Debug */ = {
			isa = XCBuildConfiguration;
			buildSettings = {
				BUNDLE_LOADER = "$(TEST_HOST)";
				FRAMEWORK_SEARCH_PATHS = (
					"$(SDKROOT)/Developer/Library/Frameworks",
					"$(inherited)",
				);
				GCC_PREPROCESSOR_DEFINITIONS = (
					"DEBUG=1",
					"$(inherited)",
				);
				INFOPLIST_FILE = CollocationTests/Info.plist;
				LD_RUNPATH_SEARCH_PATHS = "$(inherited) @executable_path/Frameworks @loader_path/Frameworks";
				PRODUCT_NAME = "$(TARGET_NAME)";
				TEST_HOST = "$(BUILT_PRODUCTS_DIR)/Collocation.app/Collocation";
			};
			name = Debug;
		};
		9A195A571A0834D600F1D6FE /* Release */ = {
			isa = XCBuildConfiguration;
			buildSettings = {
				BUNDLE_LOADER = "$(TEST_HOST)";
				FRAMEWORK_SEARCH_PATHS = (
					"$(SDKROOT)/Developer/Library/Frameworks",
					"$(inherited)",
				);
				INFOPLIST_FILE = CollocationTests/Info.plist;
				LD_RUNPATH_SEARCH_PATHS = "$(inherited) @executable_path/Frameworks @loader_path/Frameworks";
				PRODUCT_NAME = "$(TARGET_NAME)";
				TEST_HOST = "$(BUILT_PRODUCTS_DIR)/Collocation.app/Collocation";
			};
			name = Release;
		};
/* End XCBuildConfiguration section */

/* Begin XCConfigurationList section */
		9A195A2C1A0834D600F1D6FE /* Build configuration list for PBXProject "Collocation" */ = {
			isa = XCConfigurationList;
			buildConfigurations = (
				9A195A501A0834D600F1D6FE /* Debug */,
				9A195A511A0834D600F1D6FE /* Release */,
			);
			defaultConfigurationIsVisible = 0;
			defaultConfigurationName = Release;
		};
		9A195A521A0834D600F1D6FE /* Build configuration list for PBXNativeTarget "Collocation" */ = {
			isa = XCConfigurationList;
			buildConfigurations = (
				9A195A531A0834D600F1D6FE /* Debug */,
				9A195A541A0834D600F1D6FE /* Release */,
			);
			defaultConfigurationIsVisible = 0;
			defaultConfigurationName = Release;
		};
		9A195A551A0834D600F1D6FE /* Build configuration list for PBXNativeTarget "CollocationTests" */ = {
			isa = XCConfigurationList;
			buildConfigurations = (
				9A195A561A0834D600F1D6FE /* Debug */,
				9A195A571A0834D600F1D6FE /* Release */,
			);
			defaultConfigurationIsVisible = 0;
			defaultConfigurationName = Release;
		};
/* End XCConfigurationList section */

/* Begin XCVersionGroup section */
		9A4119981A0994FB00AB1C83 /* Collocation.xcdatamodeld */ = {
			isa = XCVersionGroup;
			children = (
				9A4119991A0994FB00AB1C83 /* Collocation.xcdatamodel */,
			);
			currentVersion = 9A4119991A0994FB00AB1C83 /* Collocation.xcdatamodel */;
			path = Collocation.xcdatamodeld;
			sourceTree = "<group>";
			versionGroupType = wrapper.xcdatamodel;
		};
/* End XCVersionGroup section */
	};
	rootObject = 9A195A291A0834D600F1D6FE /* Project object */;
}
